// !$*UTF8*$!
{
	archiveVersion = 1;
	classes = {
	};
	objectVersion = 50;
	objects = {

/* Begin PBXBuildFile section */
		F15BF5442354791800B664CE /* MarketingChannelPickerVC.swift in Sources */ = {isa = PBXBuildFile; fileRef = F15BF5432354791800B664CE /* MarketingChannelPickerVC.swift */; };
		F15BF54623547AE100B664CE /* MarketingChannelPickerPresenter.swift in Sources */ = {isa = PBXBuildFile; fileRef = F15BF54523547AE100B664CE /* MarketingChannelPickerPresenter.swift */; };
		F15BF54823547BA100B664CE /* ChooseMarketingChannelTVC.swift in Sources */ = {isa = PBXBuildFile; fileRef = F15BF54723547BA100B664CE /* ChooseMarketingChannelTVC.swift */; };
		F15BF550235483CC00B664CE /* SelectOfferVC.swift in Sources */ = {isa = PBXBuildFile; fileRef = F15BF54F235483CC00B664CE /* SelectOfferVC.swift */; };
		F15CC73A234BC8450059725E /* GenericTextField.swift in Sources */ = {isa = PBXBuildFile; fileRef = F15CC739234BC8450059725E /* GenericTextField.swift */; };
		F17520D62351BE1F00E92EC2 /* ChooseIndicatorTVC.swift in Sources */ = {isa = PBXBuildFile; fileRef = F17520D52351BE1F00E92EC2 /* ChooseIndicatorTVC.swift */; };
		F1940B33234D2E1D008135F1 /* UIColor.swift in Sources */ = {isa = PBXBuildFile; fileRef = F1940B32234D2E1D008135F1 /* UIColor.swift */; };
		F1D09889235492E100598119 /* ChannelOffersCVC.swift in Sources */ = {isa = PBXBuildFile; fileRef = F1D09888235492E100598119 /* ChannelOffersCVC.swift */; };
		F1F00D9F2351329C00839D1F /* SessionManager.swift in Sources */ = {isa = PBXBuildFile; fileRef = F1F00D9E2351329C00839D1F /* SessionManager.swift */; };
		F1F00DA1235197F500839D1F /* IndicatorsPickerVC.swift in Sources */ = {isa = PBXBuildFile; fileRef = F1F00DA0235197F500839D1F /* IndicatorsPickerVC.swift */; };
		F1F00DA3235198BF00839D1F /* IndicatorsPickerPresenter.swift in Sources */ = {isa = PBXBuildFile; fileRef = F1F00DA2235198BF00839D1F /* IndicatorsPickerPresenter.swift */; };
		F1FDFD28234BA1C3000D9584 /* AppDelegate.swift in Sources */ = {isa = PBXBuildFile; fileRef = F1FDFD27234BA1C3000D9584 /* AppDelegate.swift */; };
		F1FDFD2A234BA1C3000D9584 /* SceneDelegate.swift in Sources */ = {isa = PBXBuildFile; fileRef = F1FDFD29234BA1C3000D9584 /* SceneDelegate.swift */; };
		F1FDFD2F234BA1C3000D9584 /* Main.storyboard in Resources */ = {isa = PBXBuildFile; fileRef = F1FDFD2D234BA1C3000D9584 /* Main.storyboard */; };
		F1FDFD31234BA1C7000D9584 /* Assets.xcassets in Resources */ = {isa = PBXBuildFile; fileRef = F1FDFD30234BA1C7000D9584 /* Assets.xcassets */; };
		F1FDFD34234BA1C7000D9584 /* LaunchScreen.storyboard in Resources */ = {isa = PBXBuildFile; fileRef = F1FDFD32234BA1C7000D9584 /* LaunchScreen.storyboard */; };
		F1FDFD3D234BA1F6000D9584 /* Offers.json in Resources */ = {isa = PBXBuildFile; fileRef = F1FDFD3C234BA1F6000D9584 /* Offers.json */; };
		F1FDFD3F234BA325000D9584 /* MarketingChannel.swift in Sources */ = {isa = PBXBuildFile; fileRef = F1FDFD3E234BA325000D9584 /* MarketingChannel.swift */; };
		F1FDFD42234BBA37000D9584 /* UIViewControllerExt.swift in Sources */ = {isa = PBXBuildFile; fileRef = F1FDFD41234BBA37000D9584 /* UIViewControllerExt.swift */; };
		F1FDFD46234BBC31000D9584 /* CompanyDataInputVC.swift in Sources */ = {isa = PBXBuildFile; fileRef = F1FDFD45234BBC31000D9584 /* CompanyDataInputVC.swift */; };
/* End PBXBuildFile section */

/* Begin PBXFileReference section */
		F15BF5432354791800B664CE /* MarketingChannelPickerVC.swift */ = {isa = PBXFileReference; lastKnownFileType = sourcecode.swift; path = MarketingChannelPickerVC.swift; sourceTree = "<group>"; };
		F15BF54523547AE100B664CE /* MarketingChannelPickerPresenter.swift */ = {isa = PBXFileReference; lastKnownFileType = sourcecode.swift; path = MarketingChannelPickerPresenter.swift; sourceTree = "<group>"; };
		F15BF54723547BA100B664CE /* ChooseMarketingChannelTVC.swift */ = {isa = PBXFileReference; lastKnownFileType = sourcecode.swift; path = ChooseMarketingChannelTVC.swift; sourceTree = "<group>"; };
		F15BF54F235483CC00B664CE /* SelectOfferVC.swift */ = {isa = PBXFileReference; lastKnownFileType = sourcecode.swift; path = SelectOfferVC.swift; sourceTree = "<group>"; };
		F15CC739234BC8450059725E /* GenericTextField.swift */ = {isa = PBXFileReference; lastKnownFileType = sourcecode.swift; path = GenericTextField.swift; sourceTree = "<group>"; };
		F17520D52351BE1F00E92EC2 /* ChooseIndicatorTVC.swift */ = {isa = PBXFileReference; lastKnownFileType = sourcecode.swift; path = ChooseIndicatorTVC.swift; sourceTree = "<group>"; };
		F1940B32234D2E1D008135F1 /* UIColor.swift */ = {isa = PBXFileReference; lastKnownFileType = sourcecode.swift; path = UIColor.swift; sourceTree = "<group>"; };
		F1D09888235492E100598119 /* ChannelOffersCVC.swift */ = {isa = PBXFileReference; lastKnownFileType = sourcecode.swift; path = ChannelOffersCVC.swift; sourceTree = "<group>"; };
		F1F00D9E2351329C00839D1F /* SessionManager.swift */ = {isa = PBXFileReference; lastKnownFileType = sourcecode.swift; path = SessionManager.swift; sourceTree = "<group>"; };
		F1F00DA0235197F500839D1F /* IndicatorsPickerVC.swift */ = {isa = PBXFileReference; lastKnownFileType = sourcecode.swift; path = IndicatorsPickerVC.swift; sourceTree = "<group>"; };
		F1F00DA2235198BF00839D1F /* IndicatorsPickerPresenter.swift */ = {isa = PBXFileReference; lastKnownFileType = sourcecode.swift; path = IndicatorsPickerPresenter.swift; sourceTree = "<group>"; };
		F1FDFD24234BA1C3000D9584 /* MarketingApp.app */ = {isa = PBXFileReference; explicitFileType = wrapper.application; includeInIndex = 0; path = MarketingApp.app; sourceTree = BUILT_PRODUCTS_DIR; };
		F1FDFD27234BA1C3000D9584 /* AppDelegate.swift */ = {isa = PBXFileReference; lastKnownFileType = sourcecode.swift; path = AppDelegate.swift; sourceTree = "<group>"; };
		F1FDFD29234BA1C3000D9584 /* SceneDelegate.swift */ = {isa = PBXFileReference; lastKnownFileType = sourcecode.swift; path = SceneDelegate.swift; sourceTree = "<group>"; };
		F1FDFD2E234BA1C3000D9584 /* Base */ = {isa = PBXFileReference; lastKnownFileType = file.storyboard; name = Base; path = Base.lproj/Main.storyboard; sourceTree = "<group>"; };
		F1FDFD30234BA1C7000D9584 /* Assets.xcassets */ = {isa = PBXFileReference; lastKnownFileType = folder.assetcatalog; path = Assets.xcassets; sourceTree = "<group>"; };
		F1FDFD33234BA1C7000D9584 /* Base */ = {isa = PBXFileReference; lastKnownFileType = file.storyboard; name = Base; path = Base.lproj/LaunchScreen.storyboard; sourceTree = "<group>"; };
		F1FDFD35234BA1C7000D9584 /* Info.plist */ = {isa = PBXFileReference; lastKnownFileType = text.plist.xml; path = Info.plist; sourceTree = "<group>"; };
		F1FDFD3C234BA1F6000D9584 /* Offers.json */ = {isa = PBXFileReference; fileEncoding = 4; lastKnownFileType = text.json; path = Offers.json; sourceTree = "<group>"; };
		F1FDFD3E234BA325000D9584 /* MarketingChannel.swift */ = {isa = PBXFileReference; lastKnownFileType = sourcecode.swift; path = MarketingChannel.swift; sourceTree = "<group>"; };
		F1FDFD41234BBA37000D9584 /* UIViewControllerExt.swift */ = {isa = PBXFileReference; lastKnownFileType = sourcecode.swift; path = UIViewControllerExt.swift; sourceTree = "<group>"; };
		F1FDFD45234BBC31000D9584 /* CompanyDataInputVC.swift */ = {isa = PBXFileReference; lastKnownFileType = sourcecode.swift; path = CompanyDataInputVC.swift; sourceTree = "<group>"; };
/* End PBXFileReference section */

/* Begin PBXFrameworksBuildPhase section */
		F1FDFD21234BA1C3000D9584 /* Frameworks */ = {
			isa = PBXFrameworksBuildPhase;
			buildActionMask = 2147483647;
			files = (
			);
			runOnlyForDeploymentPostprocessing = 0;
		};
/* End PBXFrameworksBuildPhase section */

/* Begin PBXGroup section */
		F15CC738234BC7F50059725E /* Generic Components */ = {
			isa = PBXGroup;
			children = (
				F15CC739234BC8450059725E /* GenericTextField.swift */,
			);
			path = "Generic Components";
			sourceTree = "<group>";
		};
		F17520D42351BE0700E92EC2 /* Cells */ = {
			isa = PBXGroup;
			children = (
				F17520D52351BE1F00E92EC2 /* ChooseIndicatorTVC.swift */,
				F15BF54723547BA100B664CE /* ChooseMarketingChannelTVC.swift */,
				F1D09888235492E100598119 /* ChannelOffersCVC.swift */,
			);
			path = Cells;
			sourceTree = "<group>";
		};
		F1F00D9D2351327A00839D1F /* Session Manager */ = {
			isa = PBXGroup;
			children = (
				F1F00D9E2351329C00839D1F /* SessionManager.swift */,
			);
			path = "Session Manager";
			sourceTree = "<group>";
		};
		F1FDFD1B234BA1C3000D9584 = {
			isa = PBXGroup;
			children = (
				F1FDFD26234BA1C3000D9584 /* MarketingApp */,
				F1FDFD25234BA1C3000D9584 /* Products */,
			);
			sourceTree = "<group>";
		};
		F1FDFD25234BA1C3000D9584 /* Products */ = {
			isa = PBXGroup;
			children = (
				F1FDFD24234BA1C3000D9584 /* MarketingApp.app */,
			);
			name = Products;
			sourceTree = "<group>";
		};
		F1FDFD26234BA1C3000D9584 /* MarketingApp */ = {
			isa = PBXGroup;
			children = (
				F1F00D9D2351327A00839D1F /* Session Manager */,
				F15CC738234BC7F50059725E /* Generic Components */,
				F1FDFD44234BBBB9000D9584 /* Views */,
				F1FDFD40234BBA1A000D9584 /* Extensions */,
				F1FDFD3B234BA1EC000D9584 /* Model */,
				F1FDFD27234BA1C3000D9584 /* AppDelegate.swift */,
				F1FDFD29234BA1C3000D9584 /* SceneDelegate.swift */,
				F1FDFD2D234BA1C3000D9584 /* Main.storyboard */,
				F1FDFD30234BA1C7000D9584 /* Assets.xcassets */,
				F1FDFD32234BA1C7000D9584 /* LaunchScreen.storyboard */,
				F1FDFD35234BA1C7000D9584 /* Info.plist */,
			);
			path = MarketingApp;
			sourceTree = "<group>";
		};
		F1FDFD3B234BA1EC000D9584 /* Model */ = {
			isa = PBXGroup;
			children = (
				F1FDFD3C234BA1F6000D9584 /* Offers.json */,
				F1FDFD3E234BA325000D9584 /* MarketingChannel.swift */,
			);
			path = Model;
			sourceTree = "<group>";
		};
		F1FDFD40234BBA1A000D9584 /* Extensions */ = {
			isa = PBXGroup;
			children = (
				F1FDFD41234BBA37000D9584 /* UIViewControllerExt.swift */,
				F1940B32234D2E1D008135F1 /* UIColor.swift */,
			);
			path = Extensions;
			sourceTree = "<group>";
		};
		F1FDFD44234BBBB9000D9584 /* Views */ = {
			isa = PBXGroup;
			children = (
				F17520D42351BE0700E92EC2 /* Cells */,
				F1FDFD45234BBC31000D9584 /* CompanyDataInputVC.swift */,
				F15BF54F235483CC00B664CE /* SelectOfferVC.swift */,
				F1F00DA0235197F500839D1F /* IndicatorsPickerVC.swift */,
				F1F00DA2235198BF00839D1F /* IndicatorsPickerPresenter.swift */,
				F15BF5432354791800B664CE /* MarketingChannelPickerVC.swift */,
				F15BF54523547AE100B664CE /* MarketingChannelPickerPresenter.swift */,
			);
			path = Views;
			sourceTree = "<group>";
		};
/* End PBXGroup section */

/* Begin PBXNativeTarget section */
		F1FDFD23234BA1C3000D9584 /* MarketingApp */ = {
			isa = PBXNativeTarget;
			buildConfigurationList = F1FDFD38234BA1C7000D9584 /* Build configuration list for PBXNativeTarget "MarketingApp" */;
			buildPhases = (
				F1FDFD20234BA1C3000D9584 /* Sources */,
				F1FDFD21234BA1C3000D9584 /* Frameworks */,
				F1FDFD22234BA1C3000D9584 /* Resources */,
			);
			buildRules = (
			);
			dependencies = (
			);
			name = MarketingApp;
			productName = MarketingApp;
			productReference = F1FDFD24234BA1C3000D9584 /* MarketingApp.app */;
			productType = "com.apple.product-type.application";
		};
/* End PBXNativeTarget section */

/* Begin PBXProject section */
		F1FDFD1C234BA1C3000D9584 /* Project object */ = {
			isa = PBXProject;
			attributes = {
				LastSwiftUpdateCheck = 1100;
				LastUpgradeCheck = 1100;
				ORGANIZATIONNAME = "Andrei Vataselu";
				TargetAttributes = {
					F1FDFD23234BA1C3000D9584 = {
						CreatedOnToolsVersion = 11.0;
					};
				};
			};
			buildConfigurationList = F1FDFD1F234BA1C3000D9584 /* Build configuration list for PBXProject "MarketingApp" */;
			compatibilityVersion = "Xcode 9.3";
			developmentRegion = en;
			hasScannedForEncodings = 0;
			knownRegions = (
				en,
				Base,
			);
			mainGroup = F1FDFD1B234BA1C3000D9584;
			productRefGroup = F1FDFD25234BA1C3000D9584 /* Products */;
			projectDirPath = "";
			projectRoot = "";
			targets = (
				F1FDFD23234BA1C3000D9584 /* MarketingApp */,
			);
		};
/* End PBXProject section */

/* Begin PBXResourcesBuildPhase section */
		F1FDFD22234BA1C3000D9584 /* Resources */ = {
			isa = PBXResourcesBuildPhase;
			buildActionMask = 2147483647;
			files = (
				F1FDFD3D234BA1F6000D9584 /* Offers.json in Resources */,
				F1FDFD34234BA1C7000D9584 /* LaunchScreen.storyboard in Resources */,
				F1FDFD31234BA1C7000D9584 /* Assets.xcassets in Resources */,
				F1FDFD2F234BA1C3000D9584 /* Main.storyboard in Resources */,
			);
			runOnlyForDeploymentPostprocessing = 0;
		};
/* End PBXResourcesBuildPhase section */

/* Begin PBXSourcesBuildPhase section */
		F1FDFD20234BA1C3000D9584 /* Sources */ = {
			isa = PBXSourcesBuildPhase;
			buildActionMask = 2147483647;
			files = (
				F1FDFD3F234BA325000D9584 /* MarketingChannel.swift in Sources */,
				F1F00DA1235197F500839D1F /* IndicatorsPickerVC.swift in Sources */,
				F1940B33234D2E1D008135F1 /* UIColor.swift in Sources */,
				F15BF550235483CC00B664CE /* SelectOfferVC.swift in Sources */,
				F17520D62351BE1F00E92EC2 /* ChooseIndicatorTVC.swift in Sources */,
				F1FDFD28234BA1C3000D9584 /* AppDelegate.swift in Sources */,
				F1FDFD42234BBA37000D9584 /* UIViewControllerExt.swift in Sources */,
				F15BF54623547AE100B664CE /* MarketingChannelPickerPresenter.swift in Sources */,
				F1FDFD2A234BA1C3000D9584 /* SceneDelegate.swift in Sources */,
				F15BF5442354791800B664CE /* MarketingChannelPickerVC.swift in Sources */,
				F1FDFD46234BBC31000D9584 /* CompanyDataInputVC.swift in Sources */,
				F1D09889235492E100598119 /* ChannelOffersCVC.swift in Sources */,
				F1F00D9F2351329C00839D1F /* SessionManager.swift in Sources */,
				F15BF54823547BA100B664CE /* ChooseMarketingChannelTVC.swift in Sources */,
				F1F00DA3235198BF00839D1F /* IndicatorsPickerPresenter.swift in Sources */,
				F15CC73A234BC8450059725E /* GenericTextField.swift in Sources */,
			);
			runOnlyForDeploymentPostprocessing = 0;
		};
/* End PBXSourcesBuildPhase section */

/* Begin PBXVariantGroup section */
		F1FDFD2D234BA1C3000D9584 /* Main.storyboard */ = {
			isa = PBXVariantGroup;
			children = (
				F1FDFD2E234BA1C3000D9584 /* Base */,
			);
			name = Main.storyboard;
			sourceTree = "<group>";
		};
		F1FDFD32234BA1C7000D9584 /* LaunchScreen.storyboard */ = {
			isa = PBXVariantGroup;
			children = (
				F1FDFD33234BA1C7000D9584 /* Base */,
			);
			name = LaunchScreen.storyboard;
			sourceTree = "<group>";
		};
/* End PBXVariantGroup section */

/* Begin XCBuildConfiguration section */
		F1FDFD36234BA1C7000D9584 /* Debug */ = {
			isa = XCBuildConfiguration;
			buildSettings = {
				ALWAYS_SEARCH_USER_PATHS = NO;
				CLANG_ANALYZER_NONNULL = YES;
				CLANG_ANALYZER_NUMBER_OBJECT_CONVERSION = YES_AGGRESSIVE;
				CLANG_CXX_LANGUAGE_STANDARD = "gnu++14";
				CLANG_CXX_LIBRARY = "libc++";
				CLANG_ENABLE_MODULES = YES;
				CLANG_ENABLE_OBJC_ARC = YES;
				CLANG_ENABLE_OBJC_WEAK = YES;
				CLANG_WARN_BLOCK_CAPTURE_AUTORELEASING = YES;
				CLANG_WARN_BOOL_CONVERSION = YES;
				CLANG_WARN_COMMA = YES;
				CLANG_WARN_CONSTANT_CONVERSION = YES;
				CLANG_WARN_DEPRECATED_OBJC_IMPLEMENTATIONS = YES;
				CLANG_WARN_DIRECT_OBJC_ISA_USAGE = YES_ERROR;
				CLANG_WARN_DOCUMENTATION_COMMENTS = YES;
				CLANG_WARN_EMPTY_BODY = YES;
				CLANG_WARN_ENUM_CONVERSION = YES;
				CLANG_WARN_INFINITE_RECURSION = YES;
				CLANG_WARN_INT_CONVERSION = YES;
				CLANG_WARN_NON_LITERAL_NULL_CONVERSION = YES;
				CLANG_WARN_OBJC_IMPLICIT_RETAIN_SELF = YES;
				CLANG_WARN_OBJC_LITERAL_CONVERSION = YES;
				CLANG_WARN_OBJC_ROOT_CLASS = YES_ERROR;
				CLANG_WARN_RANGE_LOOP_ANALYSIS = YES;
				CLANG_WARN_STRICT_PROTOTYPES = YES;
				CLANG_WARN_SUSPICIOUS_MOVE = YES;
				CLANG_WARN_UNGUARDED_AVAILABILITY = YES_AGGRESSIVE;
				CLANG_WARN_UNREACHABLE_CODE = YES;
				CLANG_WARN__DUPLICATE_METHOD_MATCH = YES;
				COPY_PHASE_STRIP = NO;
				DEBUG_INFORMATION_FORMAT = dwarf;
				ENABLE_STRICT_OBJC_MSGSEND = YES;
				ENABLE_TESTABILITY = YES;
				GCC_C_LANGUAGE_STANDARD = gnu11;
				GCC_DYNAMIC_NO_PIC = NO;
				GCC_NO_COMMON_BLOCKS = YES;
				GCC_OPTIMIZATION_LEVEL = 0;
				GCC_PREPROCESSOR_DEFINITIONS = (
					"DEBUG=1",
					"$(inherited)",
				);
				GCC_WARN_64_TO_32_BIT_CONVERSION = YES;
				GCC_WARN_ABOUT_RETURN_TYPE = YES_ERROR;
				GCC_WARN_UNDECLARED_SELECTOR = YES;
				GCC_WARN_UNINITIALIZED_AUTOS = YES_AGGRESSIVE;
				GCC_WARN_UNUSED_FUNCTION = YES;
				GCC_WARN_UNUSED_VARIABLE = YES;
				IPHONEOS_DEPLOYMENT_TARGET = 13.0;
				MTL_ENABLE_DEBUG_INFO = INCLUDE_SOURCE;
				MTL_FAST_MATH = YES;
				ONLY_ACTIVE_ARCH = YES;
				SDKROOT = iphoneos;
				SWIFT_ACTIVE_COMPILATION_CONDITIONS = DEBUG;
				SWIFT_OPTIMIZATION_LEVEL = "-Onone";
			};
			name = Debug;
		};
		F1FDFD37234BA1C7000D9584 /* Release */ = {
			isa = XCBuildConfiguration;
			buildSettings = {
				ALWAYS_SEARCH_USER_PATHS = NO;
				CLANG_ANALYZER_NONNULL = YES;
				CLANG_ANALYZER_NUMBER_OBJECT_CONVERSION = YES_AGGRESSIVE;
				CLANG_CXX_LANGUAGE_STANDARD = "gnu++14";
				CLANG_CXX_LIBRARY = "libc++";
				CLANG_ENABLE_MODULES = YES;
				CLANG_ENABLE_OBJC_ARC = YES;
				CLANG_ENABLE_OBJC_WEAK = YES;
				CLANG_WARN_BLOCK_CAPTURE_AUTORELEASING = YES;
				CLANG_WARN_BOOL_CONVERSION = YES;
				CLANG_WARN_COMMA = YES;
				CLANG_WARN_CONSTANT_CONVERSION = YES;
				CLANG_WARN_DEPRECATED_OBJC_IMPLEMENTATIONS = YES;
				CLANG_WARN_DIRECT_OBJC_ISA_USAGE = YES_ERROR;
				CLANG_WARN_DOCUMENTATION_COMMENTS = YES;
				CLANG_WARN_EMPTY_BODY = YES;
				CLANG_WARN_ENUM_CONVERSION = YES;
				CLANG_WARN_INFINITE_RECURSION = YES;
				CLANG_WARN_INT_CONVERSION = YES;
				CLANG_WARN_NON_LITERAL_NULL_CONVERSION = YES;
				CLANG_WARN_OBJC_IMPLICIT_RETAIN_SELF = YES;
				CLANG_WARN_OBJC_LITERAL_CONVERSION = YES;
				CLANG_WARN_OBJC_ROOT_CLASS = YES_ERROR;
				CLANG_WARN_RANGE_LOOP_ANALYSIS = YES;
				CLANG_WARN_STRICT_PROTOTYPES = YES;
				CLANG_WARN_SUSPICIOUS_MOVE = YES;
				CLANG_WARN_UNGUARDED_AVAILABILITY = YES_AGGRESSIVE;
				CLANG_WARN_UNREACHABLE_CODE = YES;
				CLANG_WARN__DUPLICATE_METHOD_MATCH = YES;
				COPY_PHASE_STRIP = NO;
				DEBUG_INFORMATION_FORMAT = "dwarf-with-dsym";
				ENABLE_NS_ASSERTIONS = NO;
				ENABLE_STRICT_OBJC_MSGSEND = YES;
				GCC_C_LANGUAGE_STANDARD = gnu11;
				GCC_NO_COMMON_BLOCKS = YES;
				GCC_WARN_64_TO_32_BIT_CONVERSION = YES;
				GCC_WARN_ABOUT_RETURN_TYPE = YES_ERROR;
				GCC_WARN_UNDECLARED_SELECTOR = YES;
				GCC_WARN_UNINITIALIZED_AUTOS = YES_AGGRESSIVE;
				GCC_WARN_UNUSED_FUNCTION = YES;
				GCC_WARN_UNUSED_VARIABLE = YES;
				IPHONEOS_DEPLOYMENT_TARGET = 13.0;
				MTL_ENABLE_DEBUG_INFO = NO;
				MTL_FAST_MATH = YES;
				SDKROOT = iphoneos;
				SWIFT_COMPILATION_MODE = wholemodule;
				SWIFT_OPTIMIZATION_LEVEL = "-O";
				VALIDATE_PRODUCT = YES;
			};
			name = Release;
		};
		F1FDFD39234BA1C7000D9584 /* Debug */ = {
			isa = XCBuildConfiguration;
			buildSettings = {
				ASSETCATALOG_COMPILER_APPICON_NAME = AppIcon;
				CODE_SIGN_STYLE = Automatic;
				DEVELOPMENT_TEAM = KVZCD8H3X4;
				INFOPLIST_FILE = MarketingApp/Info.plist;
				IPHONEOS_DEPLOYMENT_TARGET = 13.0;
				LD_RUNPATH_SEARCH_PATHS = (
					"$(inherited)",
					"@executable_path/Frameworks",
				);
				PRODUCT_BUNDLE_IDENTIFIER = andreivataselu.MarketingApp;
				PRODUCT_NAME = "$(TARGET_NAME)";
				SWIFT_VERSION = 5.0;
				TARGETED_DEVICE_FAMILY = "1,2";
			};
			name = Debug;
		};
		F1FDFD3A234BA1C7000D9584 /* Release */ = {
			isa = XCBuildConfiguration;
			buildSettings = {
				ASSETCATALOG_COMPILER_APPICON_NAME = AppIcon;
				CODE_SIGN_STYLE = Automatic;
				DEVELOPMENT_TEAM = KVZCD8H3X4;
				INFOPLIST_FILE = MarketingApp/Info.plist;
				IPHONEOS_DEPLOYMENT_TARGET = 13.0;
				LD_RUNPATH_SEARCH_PATHS = (
					"$(inherited)",
					"@executable_path/Frameworks",
				);
				PRODUCT_BUNDLE_IDENTIFIER = andreivataselu.MarketingApp;
				PRODUCT_NAME = "$(TARGET_NAME)";
				SWIFT_VERSION = 5.0;
				TARGETED_DEVICE_FAMILY = "1,2";
			};
			name = Release;
		};
/* End XCBuildConfiguration section */

/* Begin XCConfigurationList section */
		F1FDFD1F234BA1C3000D9584 /* Build configuration list for PBXProject "MarketingApp" */ = {
			isa = XCConfigurationList;
			buildConfigurations = (
				F1FDFD36234BA1C7000D9584 /* Debug */,
				F1FDFD37234BA1C7000D9584 /* Release */,
			);
			defaultConfigurationIsVisible = 0;
			defaultConfigurationName = Release;
		};
		F1FDFD38234BA1C7000D9584 /* Build configuration list for PBXNativeTarget "MarketingApp" */ = {
			isa = XCConfigurationList;
			buildConfigurations = (
				F1FDFD39234BA1C7000D9584 /* Debug */,
				F1FDFD3A234BA1C7000D9584 /* Release */,
			);
			defaultConfigurationIsVisible = 0;
			defaultConfigurationName = Release;
		};
/* End XCConfigurationList section */
	};
	rootObject = F1FDFD1C234BA1C3000D9584 /* Project object */;
}
